{
  "blueprint": "1.1.0",
  "profile": "server",
  "files": [
    ".dockerignore",
    ".github/workflows/release.yml",
    "assets/logo/fleetpilot-icon-dark.svg",
    "assets/logo/fleetpilot-icon-light.svg",
    "build.sh",
    "deploy/compose/https/.env.example",
    "deploy/compose/https/Caddyfile",
    "deploy/compose/https/docker-compose.yml",
    "deploy/helm/fleetpilot/Chart.yaml",
    "deploy/helm/fleetpilot/templates/_helpers.tpl",
    "deploy/helm/fleetpilot/templates/db-secret.yaml",
    "deploy/helm/fleetpilot/templates/db.yaml",
    "deploy/helm/fleetpilot/templates/deployment.yaml",
    "deploy/helm/fleetpilot/templates/hpa.yaml",
    "deploy/helm/fleetpilot/templates/ingress.yaml",
    "deploy/helm/fleetpilot/templates/key-secret.yaml",
    "deploy/helm/fleetpilot/templates/networkpolicy.yaml",
    "deploy/helm/fleetpilot/templates/NOTES.txt",
    "deploy/helm/fleetpilot/templates/pdb.yaml",
    "deploy/helm/fleetpilot/templates/service.yaml",
    "deploy/helm/fleetpilot/templates/tests/test-connection.yaml",
    "deploy/helm/fleetpilot/values.yaml",
    "deploy/kubernetes/fleetpilot.yaml",
    "docker-compose.yml",
    "Dockerfile",
    "docs/DEPLOYMENT.md",
    "docs/DESIGN.md",
    "installer/core/head.sh",
    "installer/core/tail.sh",
    "server/core/config.mjs",
    "server/core/db.mjs",
    "server/core/http.mjs",
    "server/core/log.mjs",
    "server/core/server.mjs",
    "server/lib/audit.mjs",
    "server/lib/auth.mjs",
    "server/lib/jobs.mjs",
    "server/lib/secrets.mjs",
    "server/migrations-lib/audit/0001_audit_events.sql",
    "server/migrations-lib/auth/0001_auth.sql",
    "server/migrations-lib/jobs/0001_jobs.sql",
    "server/migrations-lib/secrets/0001_secret_keys.sql",
    "src/css/base.css",
    "src/css/lib/audit.css",
    "src/css/lib/auth.css",
    "src/css/lib/stats.css",
    "src/fonts/cantarell.woff2",
    "src/fonts/dejavu-sans-mono-bold.woff2",
    "src/fonts/dejavu-sans-mono.woff2",
    "src/fonts/LICENSE-Cantarell.txt",
    "src/fonts/LICENSE-DejaVu.txt",
    "src/js/core/api.js",
    "src/js/core/icons.js",
    "src/js/core/pack.js",
    "src/js/core/shell.js",
    "src/js/core/site.js",
    "src/js/core/storage.js",
    "src/js/core/ui.js",
    "src/js/lib/audit.js",
    "src/js/lib/auth.js",
    "src/js/lib/stats.js",
    "src/migrate.html",
    "test/browser/blueprint.test.mjs",
    "test/browser/lib-auth.test.mjs",
    "test/browser/lib-stats.test.mjs",
    "test/installer/run.sh",
    "test/lib/auth.mjs",
    "test/lib/browser.mjs",
    "test/lib/serve.mjs",
    "test/run.mjs",
    "test/unit/blueprint.test.mjs",
    "test/unit/lib-audit.test.mjs",
    "test/unit/lib-auth.test.mjs",
    "test/unit/lib-jobs.test.mjs",
    "test/unit/lib-secrets.test.mjs"
  ],
  "migrations": [
    {
      "file": "0001_items.sql",
      "sha256": "31b2e1a5446ecf8e73936540ad63280012abd72a0ac051dda0f032491f89106e"
    },
    {
      "file": "0002_fleet.sql",
      "sha256": "e261b3781ed456828bd371ef0c03a0a39dada2cd1a5a5bfa0064b8beb2313e41"
    }
  ]
}
